
Microsoft Visual Studio Solution File, Format Version 12.00
# Visual Studio Version 17
VisualStudioVersion = 17.6.33815.320
MinimumVisualStudioVersion = 10.0.40219.1
Project("{FAE04EC0-301F-11D3-BF4B-00C04F79EFBC}") = "EVM_3", "EVM_3.csproj", "{056E441F-099B-4476-BB70-7050935D5216}"
EndProject
Global
	GlobalSection(SolutionConfigurationPlatforms) = preSolution
		Debug|Any CPU = Debug|Any CPU
		Release|Any CPU = Release|Any CPU
	EndGlobalSection
	GlobalSection(ProjectConfigurationPlatforms) = postSolution
		{056E441F-099B-4476-BB70-7050935D5216}.Debug|Any CPU.ActiveCfg = Debug|Any CPU
		{056E441F-099B-4476-BB70-7050935D5216}.Debug|Any CPU.Build.0 = Debug|Any CPU
		{056E441F-099B-4476-BB70-7050935D5216}.Release|Any CPU.ActiveCfg = Release|Any CPU
		{056E441F-099B-4476-BB70-7050935D5216}.Release|Any CPU.Build.0 = Release|Any CPU
	EndGlobalSection
	GlobalSection(SolutionProperties) = preSolution
		HideSolutionNode = FALSE
	EndGlobalSection
	GlobalSection(ExtensibilityGlobals) = postSolution
		SolutionGuid = {C4066C16-B155-4072-9EAF-1224F33CA7AC}
	EndGlobalSection
EndGlobal
